
Microsoft Visual Studio Solution File, Format Version 12.00
# Visual Studio Version 16
VisualStudioVersion = 16.0.30204.135
MinimumVisualStudioVersion = 10.0.40219.1
Project("{9A19103F-16F7-4668-BE54-9A1E7A4F7556}") = "PrimeNumbers", "PrimeNumbers\PrimeNumbers.csproj", "{B154DF1C-A9FC-4619-A968-9A406BA80B04}"
EndProject
Project("{FAE04EC0-301F-11D3-BF4B-00C04F79EFBC}") = "PrimeNumbers.Tests", "PrimeNumbers.Tests\PrimeNumbers.Tests.csproj", "{B264639E-1BCE-47D7-B222-D78FB696C4AE}"
EndProject
Global
	GlobalSection(SolutionConfigurationPlatforms) = preSolution
		Debug|Any CPU = Debug|Any CPU
		Release|Any CPU = Release|Any CPU
	EndGlobalSection
	GlobalSection(ProjectConfigurationPlatforms) = postSolution
		{B154DF1C-A9FC-4619-A968-9A406BA80B04}.Debug|Any CPU.ActiveCfg = Debug|Any CPU
		{B154DF1C-A9FC-4619-A968-9A406BA80B04}.Debug|Any CPU.Build.0 = Debug|Any CPU
		{B154DF1C-A9FC-4619-A968-9A406BA80B04}.Release|Any CPU.ActiveCfg = Release|Any CPU
		{B154DF1C-A9FC-4619-A968-9A406BA80B04}.Release|Any CPU.Build.0 = Release|Any CPU
		{B264639E-1BCE-47D7-B222-D78FB696C4AE}.Debug|Any CPU.ActiveCfg = Debug|Any CPU
		{B264639E-1BCE-47D7-B222-D78FB696C4AE}.Debug|Any CPU.Build.0 = Debug|Any CPU
		{B264639E-1BCE-47D7-B222-D78FB696C4AE}.Release|Any CPU.ActiveCfg = Release|Any CPU
		{B264639E-1BCE-47D7-B222-D78FB696C4AE}.Release|Any CPU.Build.0 = Release|Any CPU
	EndGlobalSection
	GlobalSection(SolutionProperties) = preSolution
		HideSolutionNode = FALSE
	EndGlobalSection
	GlobalSection(ExtensibilityGlobals) = postSolution
		SolutionGuid = {D0BBF4A0-4D63-443A-AA33-03CC8F3821AD}
	EndGlobalSection
EndGlobal
